
Microsoft Visual Studio Solution File, Format Version 12.00
# Visual Studio Version 16
VisualStudioVersion = 16.0.30523.141
MinimumVisualStudioVersion = 10.0.40219.1
Project("{FAE04EC0-301F-11D3-BF4B-00C04F79EFBC}") = "LogProgram", "LogProgram\LogProgram.csproj", "{98145054-C8B6-4AF8-BA69-4C55F5322203}"
EndProject
Project("{FAE04EC0-301F-11D3-BF4B-00C04F79EFBC}") = "LogWebApi", "LogWebApi\LogWebApi.csproj", "{4D3BDE20-F537-4E12-B9DC-277A9DF8683A}"
EndProject
Global
	GlobalSection(SolutionConfigurationPlatforms) = preSolution
		Debug|Any CPU = Debug|Any CPU
		Release|Any CPU = Release|Any CPU
	EndGlobalSection
	GlobalSection(ProjectConfigurationPlatforms) = postSolution
		{98145054-C8B6-4AF8-BA69-4C55F5322203}.Debug|Any CPU.ActiveCfg = Debug|Any CPU
		{98145054-C8B6-4AF8-BA69-4C55F5322203}.Debug|Any CPU.Build.0 = Debug|Any CPU
		{98145054-C8B6-4AF8-BA69-4C55F5322203}.Release|Any CPU.ActiveCfg = Release|Any CPU
		{98145054-C8B6-4AF8-BA69-4C55F5322203}.Release|Any CPU.Build.0 = Release|Any CPU
		{4D3BDE20-F537-4E12-B9DC-277A9DF8683A}.Debug|Any CPU.ActiveCfg = Debug|Any CPU
		{4D3BDE20-F537-4E12-B9DC-277A9DF8683A}.Debug|Any CPU.Build.0 = Debug|Any CPU
		{4D3BDE20-F537-4E12-B9DC-277A9DF8683A}.Release|Any CPU.ActiveCfg = Release|Any CPU
		{4D3BDE20-F537-4E12-B9DC-277A9DF8683A}.Release|Any CPU.Build.0 = Release|Any CPU
	EndGlobalSection
	GlobalSection(SolutionProperties) = preSolution
		HideSolutionNode = FALSE
	EndGlobalSection
	GlobalSection(ExtensibilityGlobals) = postSolution
		SolutionGuid = {155884C8-4B12-4903-BCB0-BE45F1E30508}
	EndGlobalSection
EndGlobal
